
Microsoft Visual Studio Solution File, Format Version 12.00
# Visual Studio Version 17
VisualStudioVersion = 17.1.32421.90
MinimumVisualStudioVersion = 10.0.40219.1
Project("{FAE04EC0-301F-11D3-BF4B-00C04F79EFBC}") = "questao-01", "questao-01.csproj", "{567EE101-D39C-42CD-B861-C0CEABA572A0}"
EndProject
Global
	GlobalSection(SolutionConfigurationPlatforms) = preSolution
		Debug|Any CPU = Debug|Any CPU
		Release|Any CPU = Release|Any CPU
	EndGlobalSection
	GlobalSection(ProjectConfigurationPlatforms) = postSolution
		{567EE101-D39C-42CD-B861-C0CEABA572A0}.Debug|Any CPU.ActiveCfg = Debug|Any CPU
		{567EE101-D39C-42CD-B861-C0CEABA572A0}.Debug|Any CPU.Build.0 = Debug|Any CPU
		{567EE101-D39C-42CD-B861-C0CEABA572A0}.Release|Any CPU.ActiveCfg = Release|Any CPU
		{567EE101-D39C-42CD-B861-C0CEABA572A0}.Release|Any CPU.Build.0 = Release|Any CPU
	EndGlobalSection
	GlobalSection(SolutionProperties) = preSolution
		HideSolutionNode = FALSE
	EndGlobalSection
	GlobalSection(ExtensibilityGlobals) = postSolution
		SolutionGuid = {A6752263-6111-43EB-8B59-3CE3DEA3DB98}
	EndGlobalSection
EndGlobal
